
Microsoft Visual Studio Solution File, Format Version 12.00
# Visual Studio 14
VisualStudioVersion = 14.0.25420.1
MinimumVisualStudioVersion = 10.0.40219.1
Project("{2150E333-8FDC-42A3-9474-1A3956D46DE8}") = "src", "src", "{0B15EB8A-8BD6-47E2-BD0E-E307C389D3E1}"
EndProject
Project("{FAE04EC0-301F-11D3-BF4B-00C04F79EFBC}") = "Libsys.Domain", "Libsys.Domain\Libsys.Domain.csproj", "{76AAADC2-F211-4B48-A9F0-DB9B140879A6}"
EndProject
Project("{FAE04EC0-301F-11D3-BF4B-00C04F79EFBC}") = "Libsys.Common", "Libsys.Common\Libsys.Common.csproj", "{AB58BE25-AAA2-4F4E-8B5D-DD7EA6AD0FF4}"
EndProject
Project("{FAE04EC0-301F-11D3-BF4B-00C04F79EFBC}") = "Libsys.Domain.Repositories", "Libsys.Domain.Repositories\Libsys.Domain.Repositories.csproj", "{4CAB8D22-1222-4A20-855C-DE8EF3B72B38}"
EndProject
Project("{FAE04EC0-301F-11D3-BF4B-00C04F79EFBC}") = "Libsys.WebApi", "Libsys.WebApi\Libsys.WebApi.csproj", "{428F4CA2-8F8B-4EE5-BF53-4C4434D10FC0}"
EndProject
Project("{FAE04EC0-301F-11D3-BF4B-00C04F79EFBC}") = "Libsys.WebApi.Dtos", "Libsys.WebApi.Dtos\Libsys.WebApi.Dtos.csproj", "{EA421043-6B20-42AF-800B-7CC6FC2F540E}"
EndProject
Global
	GlobalSection(SolutionConfigurationPlatforms) = preSolution
		Debug|Any CPU = Debug|Any CPU
		Release|Any CPU = Release|Any CPU
	EndGlobalSection
	GlobalSection(ProjectConfigurationPlatforms) = postSolution
		{76AAADC2-F211-4B48-A9F0-DB9B140879A6}.Debug|Any CPU.ActiveCfg = Debug|Any CPU
		{76AAADC2-F211-4B48-A9F0-DB9B140879A6}.Debug|Any CPU.Build.0 = Debug|Any CPU
		{76AAADC2-F211-4B48-A9F0-DB9B140879A6}.Release|Any CPU.ActiveCfg = Release|Any CPU
		{76AAADC2-F211-4B48-A9F0-DB9B140879A6}.Release|Any CPU.Build.0 = Release|Any CPU
		{AB58BE25-AAA2-4F4E-8B5D-DD7EA6AD0FF4}.Debug|Any CPU.ActiveCfg = Debug|Any CPU
		{AB58BE25-AAA2-4F4E-8B5D-DD7EA6AD0FF4}.Debug|Any CPU.Build.0 = Debug|Any CPU
		{AB58BE25-AAA2-4F4E-8B5D-DD7EA6AD0FF4}.Release|Any CPU.ActiveCfg = Release|Any CPU
		{AB58BE25-AAA2-4F4E-8B5D-DD7EA6AD0FF4}.Release|Any CPU.Build.0 = Release|Any CPU
		{4CAB8D22-1222-4A20-855C-DE8EF3B72B38}.Debug|Any CPU.ActiveCfg = Debug|Any CPU
		{4CAB8D22-1222-4A20-855C-DE8EF3B72B38}.Debug|Any CPU.Build.0 = Debug|Any CPU
		{4CAB8D22-1222-4A20-855C-DE8EF3B72B38}.Release|Any CPU.ActiveCfg = Release|Any CPU
		{4CAB8D22-1222-4A20-855C-DE8EF3B72B38}.Release|Any CPU.Build.0 = Release|Any CPU
		{428F4CA2-8F8B-4EE5-BF53-4C4434D10FC0}.Debug|Any CPU.ActiveCfg = Debug|Any CPU
		{428F4CA2-8F8B-4EE5-BF53-4C4434D10FC0}.Debug|Any CPU.Build.0 = Debug|Any CPU
		{428F4CA2-8F8B-4EE5-BF53-4C4434D10FC0}.Release|Any CPU.ActiveCfg = Release|Any CPU
		{428F4CA2-8F8B-4EE5-BF53-4C4434D10FC0}.Release|Any CPU.Build.0 = Release|Any CPU
		{EA421043-6B20-42AF-800B-7CC6FC2F540E}.Debug|Any CPU.ActiveCfg = Debug|Any CPU
		{EA421043-6B20-42AF-800B-7CC6FC2F540E}.Debug|Any CPU.Build.0 = Debug|Any CPU
		{EA421043-6B20-42AF-800B-7CC6FC2F540E}.Release|Any CPU.ActiveCfg = Release|Any CPU
		{EA421043-6B20-42AF-800B-7CC6FC2F540E}.Release|Any CPU.Build.0 = Release|Any CPU
	EndGlobalSection
	GlobalSection(SolutionProperties) = preSolution
		HideSolutionNode = FALSE
	EndGlobalSection
	GlobalSection(NestedProjects) = preSolution
		{76AAADC2-F211-4B48-A9F0-DB9B140879A6} = {0B15EB8A-8BD6-47E2-BD0E-E307C389D3E1}
		{AB58BE25-AAA2-4F4E-8B5D-DD7EA6AD0FF4} = {0B15EB8A-8BD6-47E2-BD0E-E307C389D3E1}
		{4CAB8D22-1222-4A20-855C-DE8EF3B72B38} = {0B15EB8A-8BD6-47E2-BD0E-E307C389D3E1}
		{428F4CA2-8F8B-4EE5-BF53-4C4434D10FC0} = {0B15EB8A-8BD6-47E2-BD0E-E307C389D3E1}
		{EA421043-6B20-42AF-800B-7CC6FC2F540E} = {0B15EB8A-8BD6-47E2-BD0E-E307C389D3E1}
	EndGlobalSection
EndGlobal
